
Microsoft Visual Studio Solution File, Format Version 12.00
# Visual Studio Version 16
VisualStudioVersion = 16.0.30204.135
MinimumVisualStudioVersion = 10.0.40219.1
Project("{FAE04EC0-301F-11D3-BF4B-00C04F79EFBC}") = "final", "final.csproj", "{53B31B0E-D350-4048-990A-1EC0730D4123}"
EndProject
Global
	GlobalSection(SolutionConfigurationPlatforms) = preSolution
		Debug|Any CPU = Debug|Any CPU
		Release|Any CPU = Release|Any CPU
	EndGlobalSection
	GlobalSection(ProjectConfigurationPlatforms) = postSolution
		{53B31B0E-D350-4048-990A-1EC0730D4123}.Debug|Any CPU.ActiveCfg = Debug|Any CPU
		{53B31B0E-D350-4048-990A-1EC0730D4123}.Debug|Any CPU.Build.0 = Debug|Any CPU
		{53B31B0E-D350-4048-990A-1EC0730D4123}.Release|Any CPU.ActiveCfg = Release|Any CPU
		{53B31B0E-D350-4048-990A-1EC0730D4123}.Release|Any CPU.Build.0 = Release|Any CPU
	EndGlobalSection
	GlobalSection(SolutionProperties) = preSolution
		HideSolutionNode = FALSE
	EndGlobalSection
	GlobalSection(ExtensibilityGlobals) = postSolution
		SolutionGuid = {85476268-9101-4816-A5E4-A85D748C68BA}
	EndGlobalSection
EndGlobal
